
Microsoft Visual Studio Solution File, Format Version 12.00
# Visual Studio 15
VisualStudioVersion = 15.0.27703.2035
MinimumVisualStudioVersion = 10.0.40219.1
Project("{FAE04EC0-301F-11D3-BF4B-00C04F79EFBC}") = "CHIADashboardApplication", "CHIADashboardApplication\CHIADashboardApplication.csproj", "{C747C1F8-B2E9-4CF7-BB15-92EF7E90A57D}"
EndProject
Project("{FAE04EC0-301F-11D3-BF4B-00C04F79EFBC}") = "CHIADashboardTesting", "CHIADashboardTesting\CHIADashboardTesting.csproj", "{16921D1F-BCE7-46FA-AAB3-873F2B430844}"
EndProject
Global
	GlobalSection(SolutionConfigurationPlatforms) = preSolution
		Debug|Any CPU = Debug|Any CPU
		Release|Any CPU = Release|Any CPU
	EndGlobalSection
	GlobalSection(ProjectConfigurationPlatforms) = postSolution
		{C747C1F8-B2E9-4CF7-BB15-92EF7E90A57D}.Debug|Any CPU.ActiveCfg = Debug|Any CPU
		{C747C1F8-B2E9-4CF7-BB15-92EF7E90A57D}.Debug|Any CPU.Build.0 = Debug|Any CPU
		{C747C1F8-B2E9-4CF7-BB15-92EF7E90A57D}.Release|Any CPU.ActiveCfg = Release|Any CPU
		{C747C1F8-B2E9-4CF7-BB15-92EF7E90A57D}.Release|Any CPU.Build.0 = Release|Any CPU
		{16921D1F-BCE7-46FA-AAB3-873F2B430844}.Debug|Any CPU.ActiveCfg = Debug|Any CPU
		{16921D1F-BCE7-46FA-AAB3-873F2B430844}.Debug|Any CPU.Build.0 = Debug|Any CPU
		{16921D1F-BCE7-46FA-AAB3-873F2B430844}.Release|Any CPU.ActiveCfg = Release|Any CPU
		{16921D1F-BCE7-46FA-AAB3-873F2B430844}.Release|Any CPU.Build.0 = Release|Any CPU
	EndGlobalSection
	GlobalSection(SolutionProperties) = preSolution
		HideSolutionNode = FALSE
	EndGlobalSection
	GlobalSection(ExtensibilityGlobals) = postSolution
		SolutionGuid = {23F96066-1E3A-4568-BAC8-37D5964AE85C}
	EndGlobalSection
EndGlobal
